
Microsoft Visual Studio Solution File, Format Version 12.00
# Visual Studio Version 17
VisualStudioVersion = 17.7.34031.279
MinimumVisualStudioVersion = 10.0.40219.1
Project("{FAE04EC0-301F-11D3-BF4B-00C04F79EFBC}") = "market", "market\market.csproj", "{8A4390EB-50CA-4A1E-BE46-F819F9240DD2}"
EndProject
Global
	GlobalSection(SolutionConfigurationPlatforms) = preSolution
		Debug|Any CPU = Debug|Any CPU
		Release|Any CPU = Release|Any CPU
	EndGlobalSection
	GlobalSection(ProjectConfigurationPlatforms) = postSolution
		{8A4390EB-50CA-4A1E-BE46-F819F9240DD2}.Debug|Any CPU.ActiveCfg = Debug|Any CPU
		{8A4390EB-50CA-4A1E-BE46-F819F9240DD2}.Debug|Any CPU.Build.0 = Debug|Any CPU
		{8A4390EB-50CA-4A1E-BE46-F819F9240DD2}.Release|Any CPU.ActiveCfg = Release|Any CPU
		{8A4390EB-50CA-4A1E-BE46-F819F9240DD2}.Release|Any CPU.Build.0 = Release|Any CPU
	EndGlobalSection
	GlobalSection(SolutionProperties) = preSolution
		HideSolutionNode = FALSE
	EndGlobalSection
	GlobalSection(ExtensibilityGlobals) = postSolution
		SolutionGuid = {0EEAB197-FE52-42E8-8A49-FA81F5E9085B}
	EndGlobalSection
EndGlobal
